// !$*UTF8*$!
{
	archiveVersion = 1;
	classes = {
	};
	objectVersion = 77;
	objects = {

/* Begin PBXContainerItemProxy section */
		213F65102E7DE9B600DC5D86 /* PBXContainerItemProxy */ = {
			isa = PBXContainerItemProxy;
			containerPortal = 213F64F52E7DE9B600DC5D86 /* Project object */;
			proxyType = 1;
			remoteGlobalIDString = 213F64FC2E7DE9B600DC5D86;
			remoteInfo = HobbyTracker;
		};
		213F651A2E7DE9B600DC5D86 /* PBXContainerItemProxy */ = {
			isa = PBXContainerItemProxy;
			containerPortal = 213F64F52E7DE9B600DC5D86 /* Project object */;
			proxyType = 1;
			remoteGlobalIDString = 213F64FC2E7DE9B600DC5D86;
			remoteInfo = HobbyTracker;
		};
/* End PBXContainerItemProxy section */

/* Begin PBXFileReference section */
		213F64FD2E7DE9B600DC5D86 /* HobbyTracker.app */ = {isa = PBXFileReference; explicitFileType = wrapper.application; includeInIndex = 0; path = HobbyTracker.app; sourceTree = BUILT_PRODUCTS_DIR; };
		213F650F2E7DE9B600DC5D86 /* HobbyTrackerTests.xctest */ = {isa = PBXFileReference; explicitFileType = wrapper.cfbundle; includeInIndex = 0; path = HobbyTrackerTests.xctest; sourceTree = BUILT_PRODUCTS_DIR; };
		213F65192E7DE9B600DC5D86 /* HobbyTrackerUITests.xctest */ = {isa = PBXFileReference; explicitFileType = wrapper.cfbundle; includeInIndex = 0; path = HobbyTrackerUITests.xctest; sourceTree = BUILT_PRODUCTS_DIR; };
/* End PBXFileReference section */

/* Begin PBXFileSystemSynchronizedRootGroup section */
		213F64FF2E7DE9B600DC5D86 /* HobbyTracker */ = {
			isa = PBXFileSystemSynchronizedRootGroup;
			path = HobbyTracker;
			sourceTree = "<group>";
		};
		213F65122E7DE9B600DC5D86 /* HobbyTrackerTests */ = {
			isa = PBXFileSystemSynchronizedRootGroup;
			path = HobbyTrackerTests;
			sourceTree = "<group>";
		};
		213F651C2E7DE9B600DC5D86 /* HobbyTrackerUITests */ = {
			isa = PBXFileSystemSynchronizedRootGroup;
			path = HobbyTrackerUITests;
			sourceTree = "<group>";
		};
/* End PBXFileSystemSynchronizedRootGroup section */

/* Begin PBXFrameworksBuildPhase section */
		213F64FA2E7DE9B600DC5D86 /* Frameworks */ = {
			isa = PBXFrameworksBuildPhase;
			buildActionMask = 2147483647;
			files = (
			);
			runOnlyForDeploymentPostprocessing = 0;
		};
		213F650C2E7DE9B600DC5D86 /* Frameworks */ = {
			isa = PBXFrameworksBuildPhase;
			buildActionMask = 2147483647;
			files = (
			);
			runOnlyForDeploymentPostprocessing = 0;
		};
		213F65162E7DE9B600DC5D86 /* Frameworks */ = {
			isa = PBXFrameworksBuildPhase;
			buildActionMask = 2147483647;
			files = (
			);
			runOnlyForDeploymentPostprocessing = 0;
		};
/* End PBXFrameworksBuildPhase section */

/* Begin PBXGroup section */
		213F64F42E7DE9B600DC5D86 = {
			isa = PBXGroup;
			children = (
				213F64FF2E7DE9B600DC5D86 /* HobbyTracker */,
				213F65122E7DE9B600DC5D86 /* HobbyTrackerTests */,
				213F651C2E7DE9B600DC5D86 /* HobbyTrackerUITests */,
				213F64FE2E7DE9B600DC5D86 /* Products */,
			);
			sourceTree = "<group>";
		};
		213F64FE2E7DE9B600DC5D86 /* Products */ = {
			isa = PBXGroup;
			children = (
				213F64FD2E7DE9B600DC5D86 /* HobbyTracker.app */,
				213F650F2E7DE9B600DC5D86 /* HobbyTrackerTests.xctest */,
				213F65192E7DE9B600DC5D86 /* HobbyTrackerUITests.xctest */,
			);
			name = Products;
			sourceTree = "<group>";
		};
/* End PBXGroup section */

/* Begin PBXNativeTarget section */
		213F64FC2E7DE9B600DC5D86 /* HobbyTracker */ = {
			isa = PBXNativeTarget;
			buildConfigurationList = 213F65232E7DE9B600DC5D86 /* Build configuration list for PBXNativeTarget "HobbyTracker" */;
			buildPhases = (
				213F64F92E7DE9B600DC5D86 /* Sources */,
				213F64FA2E7DE9B600DC5D86 /* Frameworks */,
				213F64FB2E7DE9B600DC5D86 /* Resources */,
			);
			buildRules = (
			);
			dependencies = (
			);
			fileSystemSynchronizedGroups = (
				213F64FF2E7DE9B600DC5D86 /* HobbyTracker */,
			);
			name = HobbyTracker;
			packageProductDependencies = (
			);
			productName = HobbyTracker;
			productReference = 213F64FD2E7DE9B600DC5D86 /* HobbyTracker.app */;
			productType = "com.apple.product-type.application";
		};
		213F650E2E7DE9B600DC5D86 /* HobbyTrackerTests */ = {
			isa = PBXNativeTarget;
			buildConfigurationList = 213F65262E7DE9B600DC5D86 /* Build configuration list for PBXNativeTarget "HobbyTrackerTests" */;
			buildPhases = (
				213F650B2E7DE9B600DC5D86 /* Sources */,
				213F650C2E7DE9B600DC5D86 /* Frameworks */,
				213F650D2E7DE9B600DC5D86 /* Resources */,
			);
			buildRules = (
			);
			dependencies = (
				213F65112E7DE9B600DC5D86 /* PBXTargetDependency */,
			);
			fileSystemSynchronizedGroups = (
				213F65122E7DE9B600DC5D86 /* HobbyTrackerTests */,
			);
			name = HobbyTrackerTests;
			packageProductDependencies = (
			);
			productName = HobbyTrackerTests;
			productReference = 213F650F2E7DE9B600DC5D86 /* HobbyTrackerTests.xctest */;
			productType = "com.apple.product-type.bundle.unit-test";
		};
		213F65182E7DE9B600DC5D86 /* HobbyTrackerUITests */ = {
			isa = PBXNativeTarget;
			buildConfigurationList = 213F65292E7DE9B600DC5D86 /* Build configuration list for PBXNativeTarget "HobbyTrackerUITests" */;
			buildPhases = (
				213F65152E7DE9B600DC5D86 /* Sources */,
				213F65162E7DE9B600DC5D86 /* Frameworks */,
				213F65172E7DE9B600DC5D86 /* Resources */,
			);
			buildRules = (
			);
			dependencies = (
				213F651B2E7DE9B600DC5D86 /* PBXTargetDependency */,
			);
			fileSystemSynchronizedGroups = (
				213F651C2E7DE9B600DC5D86 /* HobbyTrackerUITests */,
			);
			name = HobbyTrackerUITests;
			packageProductDependencies = (
			);
			productName = HobbyTrackerUITests;
			productReference = 213F65192E7DE9B600DC5D86 /* HobbyTrackerUITests.xctest */;
			productType = "com.apple.product-type.bundle.ui-testing";
		};
/* End PBXNativeTarget section */

/* Begin PBXProject section */
		213F64F52E7DE9B600DC5D86 /* Project object */ = {
			isa = PBXProject;
			attributes = {
				BuildIndependentTargetsInParallel = 1;
				LastSwiftUpdateCheck = 1640;
				LastUpgradeCheck = 1640;
				TargetAttributes = {
					213F64FC2E7DE9B600DC5D86 = {
						CreatedOnToolsVersion = 16.4;
					};
					213F650E2E7DE9B600DC5D86 = {
						CreatedOnToolsVersion = 16.4;
						TestTargetID = 213F64FC2E7DE9B600DC5D86;
					};
					213F65182E7DE9B600DC5D86 = {
						CreatedOnToolsVersion = 16.4;
						TestTargetID = 213F64FC2E7DE9B600DC5D86;
					};
				};
			};
			buildConfigurationList = 213F64F82E7DE9B600DC5D86 /* Build configuration list for PBXProject "HobbyTracker" */;
			developmentRegion = en;
			hasScannedForEncodings = 0;
			knownRegions = (
				en,
				Base,
			);
			mainGroup = 213F64F42E7DE9B600DC5D86;
			minimizedProjectReferenceProxies = 1;
			preferredProjectObjectVersion = 77;
			productRefGroup = 213F64FE2E7DE9B600DC5D86 /* Products */;
			projectDirPath = "";
			projectRoot = "";
			targets = (
				213F64FC2E7DE9B600DC5D86 /* HobbyTracker */,
				213F650E2E7DE9B600DC5D86 /* HobbyTrackerTests */,
				213F65182E7DE9B600DC5D86 /* HobbyTrackerUITests */,
			);
		};
/* End PBXProject section */

/* Begin PBXResourcesBuildPhase section */
		213F64FB2E7DE9B600DC5D86 /* Resources */ = {
			isa = PBXResourcesBuildPhase;
			buildActionMask = 2147483647;
			files = (
			);
			runOnlyForDeploymentPostprocessing = 0;
		};
		213F650D2E7DE9B600DC5D86 /* Resources */ = {
			isa = PBXResourcesBuildPhase;
			buildActionMask = 2147483647;
			files = (
			);
			runOnlyForDeploymentPostprocessing = 0;
		};
		213F65172E7DE9B600DC5D86 /* Resources */ = {
			isa = PBXResourcesBuildPhase;
			buildActionMask = 2147483647;
			files = (
			);
			runOnlyForDeploymentPostprocessing = 0;
		};
/* End PBXResourcesBuildPhase section */

/* Begin PBXSourcesBuildPhase section */
		213F64F92E7DE9B600DC5D86 /* Sources */ = {
			isa = PBXSourcesBuildPhase;
			buildActionMask = 2147483647;
			files = (
			);
			runOnlyForDeploymentPostprocessing = 0;
		};
		213F650B2E7DE9B600DC5D86 /* Sources */ = {
			isa = PBXSourcesBuildPhase;
			buildActionMask = 2147483647;
			files = (
			);
			runOnlyForDeploymentPostprocessing = 0;
		};
		213F65152E7DE9B600DC5D86 /* Sources */ = {
			isa = PBXSourcesBuildPhase;
			buildActionMask = 2147483647;
			files = (
			);
			runOnlyForDeploymentPostprocessing = 0;
		};
/* End PBXSourcesBuildPhase section */

/* Begin PBXTargetDependency section */
		213F65112E7DE9B600DC5D86 /* PBXTargetDependency */ = {
			isa = PBXTargetDependency;
			target = 213F64FC2E7DE9B600DC5D86 /* HobbyTracker */;
			targetProxy = 213F65102E7DE9B600DC5D86 /* PBXContainerItemProxy */;
		};
		213F651B2E7DE9B600DC5D86 /* PBXTargetDependency */ = {
			isa = PBXTargetDependency;
			target = 213F64FC2E7DE9B600DC5D86 /* HobbyTracker */;
			targetProxy = 213F651A2E7DE9B600DC5D86 /* PBXContainerItemProxy */;
		};
/* End PBXTargetDependency section */

/* Begin XCBuildConfiguration section */
		213F65212E7DE9B600DC5D86 /* Debug */ = {
			isa = XCBuildConfiguration;
			buildSettings = {
				ALWAYS_SEARCH_USER_PATHS = NO;
				ASSETCATALOG_COMPILER_GENERATE_SWIFT_ASSET_SYMBOL_EXTENSIONS = YES;
				CLANG_ANALYZER_NONNULL = YES;
				CLANG_ANALYZER_NUMBER_OBJECT_CONVERSION = YES_AGGRESSIVE;
				CLANG_CXX_LANGUAGE_STANDARD = "gnu++20";
				CLANG_ENABLE_MODULES = YES;
				CLANG_ENABLE_OBJC_ARC = YES;
				CLANG_ENABLE_OBJC_WEAK = YES;
				CLANG_WARN_BLOCK_CAPTURE_AUTORELEASING = YES;
				CLANG_WARN_BOOL_CONVERSION = YES;
				CLANG_WARN_COMMA = YES;
				CLANG_WARN_CONSTANT_CONVERSION = YES;
				CLANG_WARN_DEPRECATED_OBJC_IMPLEMENTATIONS = YES;
				CLANG_WARN_DIRECT_OBJC_ISA_USAGE = YES_ERROR;
				CLANG_WARN_DOCUMENTATION_COMMENTS = YES;
				CLANG_WARN_EMPTY_BODY = YES;
				CLANG_WARN_ENUM_CONVERSION = YES;
				CLANG_WARN_INFINITE_RECURSION = YES;
				CLANG_WARN_INT_CONVERSION = YES;
				CLANG_WARN_NON_LITERAL_NULL_CONVERSION = YES;
				CLANG_WARN_OBJC_IMPLICIT_RETAIN_SELF = YES;
				CLANG_WARN_OBJC_LITERAL_CONVERSION = YES;
				CLANG_WARN_OBJC_ROOT_CLASS = YES_ERROR;
				CLANG_WARN_QUOTED_INCLUDE_IN_FRAMEWORK_HEADER = YES;
				CLANG_WARN_RANGE_LOOP_ANALYSIS = YES;
				CLANG_WARN_STRICT_PROTOTYPES = YES;
				CLANG_WARN_SUSPICIOUS_MOVE = YES;
				CLANG_WARN_UNGUARDED_AVAILABILITY = YES_AGGRESSIVE;
				CLANG_WARN_UNREACHABLE_CODE = YES;
				CLANG_WARN__DUPLICATE_METHOD_MATCH = YES;
				COPY_PHASE_STRIP = NO;
				DEBUG_INFORMATION_FORMAT = dwarf;
				ENABLE_STRICT_OBJC_MSGSEND = YES;
				ENABLE_TESTABILITY = YES;
				ENABLE_USER_SCRIPT_SANDBOXING = YES;
				GCC_C_LANGUAGE_STANDARD = gnu17;
				GCC_DYNAMIC_NO_PIC = NO;
				GCC_NO_COMMON_BLOCKS = YES;
				GCC_OPTIMIZATION_LEVEL = 0;
				GCC_PREPROCESSOR_DEFINITIONS = (
					"DEBUG=1",
					"$(inherited)",
				);
				GCC_WARN_64_TO_32_BIT_CONVERSION = YES;
				GCC_WARN_ABOUT_RETURN_TYPE = YES_ERROR;
				GCC_WARN_UNDECLARED_SELECTOR = YES;
				GCC_WARN_UNINITIALIZED_AUTOS = YES_AGGRESSIVE;
				GCC_WARN_UNUSED_FUNCTION = YES;
				GCC_WARN_UNUSED_VARIABLE = YES;
				IPHONEOS_DEPLOYMENT_TARGET = 18.5;
				LOCALIZATION_PREFERS_STRING_CATALOGS = YES;
				MTL_ENABLE_DEBUG_INFO = INCLUDE_SOURCE;
				MTL_FAST_MATH = YES;
				ONLY_ACTIVE_ARCH = YES;
				SDKROOT = iphoneos;
				SWIFT_ACTIVE_COMPILATION_CONDITIONS = "DEBUG $(inherited)";
				SWIFT_OPTIMIZATION_LEVEL = "-Onone";
			};
			name = Debug;
		};
		213F65222E7DE9B600DC5D86 /* Release */ = {
			isa = XCBuildConfiguration;
			buildSettings = {
				ALWAYS_SEARCH_USER_PATHS = NO;
				ASSETCATALOG_COMPILER_GENERATE_SWIFT_ASSET_SYMBOL_EXTENSIONS = YES;
				CLANG_ANALYZER_NONNULL = YES;
				CLANG_ANALYZER_NUMBER_OBJECT_CONVERSION = YES_AGGRESSIVE;
				CLANG_CXX_LANGUAGE_STANDARD = "gnu++20";
				CLANG_ENABLE_MODULES = YES;
				CLANG_ENABLE_OBJC_ARC = YES;
				CLANG_ENABLE_OBJC_WEAK = YES;
				CLANG_WARN_BLOCK_CAPTURE_AUTORELEASING = YES;
				CLANG_WARN_BOOL_CONVERSION = YES;
				CLANG_WARN_COMMA = YES;
				CLANG_WARN_CONSTANT_CONVERSION = YES;
				CLANG_WARN_DEPRECATED_OBJC_IMPLEMENTATIONS = YES;
				CLANG_WARN_DIRECT_OBJC_ISA_USAGE = YES_ERROR;
				CLANG_WARN_DOCUMENTATION_COMMENTS = YES;
				CLANG_WARN_EMPTY_BODY = YES;
				CLANG_WARN_ENUM_CONVERSION = YES;
				CLANG_WARN_INFINITE_RECURSION = YES;
				CLANG_WARN_INT_CONVERSION = YES;
				CLANG_WARN_NON_LITERAL_NULL_CONVERSION = YES;
				CLANG_WARN_OBJC_IMPLICIT_RETAIN_SELF = YES;
				CLANG_WARN_OBJC_LITERAL_CONVERSION = YES;
				CLANG_WARN_OBJC_ROOT_CLASS = YES_ERROR;
				CLANG_WARN_QUOTED_INCLUDE_IN_FRAMEWORK_HEADER = YES;
				CLANG_WARN_RANGE_LOOP_ANALYSIS = YES;
				CLANG_WARN_STRICT_PROTOTYPES = YES;
				CLANG_WARN_SUSPICIOUS_MOVE = YES;
				CLANG_WARN_UNGUARDED_AVAILABILITY = YES_AGGRESSIVE;
				CLANG_WARN_UNREACHABLE_CODE = YES;
				CLANG_WARN__DUPLICATE_METHOD_MATCH = YES;
				COPY_PHASE_STRIP = NO;
				DEBUG_INFORMATION_FORMAT = "dwarf-with-dsym";
				ENABLE_NS_ASSERTIONS = NO;
				ENABLE_STRICT_OBJC_MSGSEND = YES;
				ENABLE_USER_SCRIPT_SANDBOXING = YES;
				GCC_C_LANGUAGE_STANDARD = gnu17;
				GCC_NO_COMMON_BLOCKS = YES;
				GCC_WARN_64_TO_32_BIT_CONVERSION = YES;
				GCC_WARN_ABOUT_RETURN_TYPE = YES_ERROR;
				GCC_WARN_UNDECLARED_SELECTOR = YES;
				GCC_WARN_UNINITIALIZED_AUTOS = YES_AGGRESSIVE;
				GCC_WARN_UNUSED_FUNCTION = YES;
				GCC_WARN_UNUSED_VARIABLE = YES;
				IPHONEOS_DEPLOYMENT_TARGET = 18.5;
				LOCALIZATION_PREFERS_STRING_CATALOGS = YES;
				MTL_ENABLE_DEBUG_INFO = NO;
				MTL_FAST_MATH = YES;
				SDKROOT = iphoneos;
				SWIFT_COMPILATION_MODE = wholemodule;
				VALIDATE_PRODUCT = YES;
			};
			name = Release;
		};
		213F65242E7DE9B600DC5D86 /* Debug */ = {
			isa = XCBuildConfiguration;
			buildSettings = {
				ASSETCATALOG_COMPILER_APPICON_NAME = AppIcon;
				ASSETCATALOG_COMPILER_GLOBAL_ACCENT_COLOR_NAME = AccentColor;
				CODE_SIGN_STYLE = Automatic;
				CURRENT_PROJECT_VERSION = 1;
				ENABLE_PREVIEWS = YES;
				GENERATE_INFOPLIST_FILE = YES;
				INFOPLIST_KEY_UIApplicationSceneManifest_Generation = YES;
				INFOPLIST_KEY_UIApplicationSupportsIndirectInputEvents = YES;
				INFOPLIST_KEY_UILaunchScreen_Generation = YES;
				INFOPLIST_KEY_UISupportedInterfaceOrientations_iPad = "UIInterfaceOrientationPortrait UIInterfaceOrientationPortraitUpsideDown UIInterfaceOrientationLandscapeLeft UIInterfaceOrientationLandscapeRight";
				INFOPLIST_KEY_UISupportedInterfaceOrientations_iPhone = "UIInterfaceOrientationPortrait UIInterfaceOrientationLandscapeLeft UIInterfaceOrientationLandscapeRight";
				LD_RUNPATH_SEARCH_PATHS = (
					"$(inherited)",
					"@executable_path/Frameworks",
				);
				MARKETING_VERSION = 1.0;
				PRODUCT_BUNDLE_IDENTIFIER = com.test.HobbyTracker;
				PRODUCT_NAME = "$(TARGET_NAME)";
				SWIFT_EMIT_LOC_STRINGS = YES;
				SWIFT_VERSION = 5.0;
				TARGETED_DEVICE_FAMILY = "1,2";
			};
			name = Debug;
		};
		213F65252E7DE9B600DC5D86 /* Release */ = {
			isa = XCBuildConfiguration;
			buildSettings = {
				ASSETCATALOG_COMPILER_APPICON_NAME = AppIcon;
				ASSETCATALOG_COMPILER_GLOBAL_ACCENT_COLOR_NAME = AccentColor;
				CODE_SIGN_STYLE = Automatic;
				CURRENT_PROJECT_VERSION = 1;
				ENABLE_PREVIEWS = YES;
				GENERATE_INFOPLIST_FILE = YES;
				INFOPLIST_KEY_UIApplicationSceneManifest_Generation = YES;
				INFOPLIST_KEY_UIApplicationSupportsIndirectInputEvents = YES;
				INFOPLIST_KEY_UILaunchScreen_Generation = YES;
				INFOPLIST_KEY_UISupportedInterfaceOrientations_iPad = "UIInterfaceOrientationPortrait UIInterfaceOrientationPortraitUpsideDown UIInterfaceOrientationLandscapeLeft UIInterfaceOrientationLandscapeRight";
				INFOPLIST_KEY_UISupportedInterfaceOrientations_iPhone = "UIInterfaceOrientationPortrait UIInterfaceOrientationLandscapeLeft UIInterfaceOrientationLandscapeRight";
				LD_RUNPATH_SEARCH_PATHS = (
					"$(inherited)",
					"@executable_path/Frameworks",
				);
				MARKETING_VERSION = 1.0;
				PRODUCT_BUNDLE_IDENTIFIER = com.test.HobbyTracker;
				PRODUCT_NAME = "$(TARGET_NAME)";
				SWIFT_EMIT_LOC_STRINGS = YES;
				SWIFT_VERSION = 5.0;
				TARGETED_DEVICE_FAMILY = "1,2";
			};
			name = Release;
		};
		213F65272E7DE9B600DC5D86 /* Debug */ = {
			isa = XCBuildConfiguration;
			buildSettings = {
				BUNDLE_LOADER = "$(TEST_HOST)";
				CODE_SIGN_STYLE = Automatic;
				CURRENT_PROJECT_VERSION = 1;
				GENERATE_INFOPLIST_FILE = YES;
				IPHONEOS_DEPLOYMENT_TARGET = 18.5;
				MARKETING_VERSION = 1.0;
				PRODUCT_BUNDLE_IDENTIFIER = com.test.HobbyTrackerTests;
				PRODUCT_NAME = "$(TARGET_NAME)";
				SWIFT_EMIT_LOC_STRINGS = NO;
				SWIFT_VERSION = 5.0;
				TARGETED_DEVICE_FAMILY = "1,2";
				TEST_HOST = "$(BUILT_PRODUCTS_DIR)/HobbyTracker.app/$(BUNDLE_EXECUTABLE_FOLDER_PATH)/HobbyTracker";
			};
			name = Debug;
		};
		213F65282E7DE9B600DC5D86 /* Release */ = {
			isa = XCBuildConfiguration;
			buildSettings = {
				BUNDLE_LOADER = "$(TEST_HOST)";
				CODE_SIGN_STYLE = Automatic;
				CURRENT_PROJECT_VERSION = 1;
				GENERATE_INFOPLIST_FILE = YES;
				IPHONEOS_DEPLOYMENT_TARGET = 18.5;
				MARKETING_VERSION = 1.0;
				PRODUCT_BUNDLE_IDENTIFIER = com.test.HobbyTrackerTests;
				PRODUCT_NAME = "$(TARGET_NAME)";
				SWIFT_EMIT_LOC_STRINGS = NO;
				SWIFT_VERSION = 5.0;
				TARGETED_DEVICE_FAMILY = "1,2";
				TEST_HOST = "$(BUILT_PRODUCTS_DIR)/HobbyTracker.app/$(BUNDLE_EXECUTABLE_FOLDER_PATH)/HobbyTracker";
			};
			name = Release;
		};
		213F652A2E7DE9B600DC5D86 /* Debug */ = {
			isa = XCBuildConfiguration;
			buildSettings = {
				CODE_SIGN_STYLE = Automatic;
				CURRENT_PROJECT_VERSION = 1;
				GENERATE_INFOPLIST_FILE = YES;
				MARKETING_VERSION = 1.0;
				PRODUCT_BUNDLE_IDENTIFIER = com.test.HobbyTrackerUITests;
				PRODUCT_NAME = "$(TARGET_NAME)";
				SWIFT_EMIT_LOC_STRINGS = NO;
				SWIFT_VERSION = 5.0;
				TARGETED_DEVICE_FAMILY = "1,2";
				TEST_TARGET_NAME = HobbyTracker;
			};
			name = Debug;
		};
		213F652B2E7DE9B600DC5D86 /* Release */ = {
			isa = XCBuildConfiguration;
			buildSettings = {
				CODE_SIGN_STYLE = Automatic;
				CURRENT_PROJECT_VERSION = 1;
				GENERATE_INFOPLIST_FILE = YES;
				MARKETING_VERSION = 1.0;
				PRODUCT_BUNDLE_IDENTIFIER = com.test.HobbyTrackerUITests;
				PRODUCT_NAME = "$(TARGET_NAME)";
				SWIFT_EMIT_LOC_STRINGS = NO;
				SWIFT_VERSION = 5.0;
				TARGETED_DEVICE_FAMILY = "1,2";
				TEST_TARGET_NAME = HobbyTracker;
			};
			name = Release;
		};
/* End XCBuildConfiguration section */

/* Begin XCConfigurationList section */
		213F64F82E7DE9B600DC5D86 /* Build configuration list for PBXProject "HobbyTracker" */ = {
			isa = XCConfigurationList;
			buildConfigurations = (
				213F65212E7DE9B600DC5D86 /* Debug */,
				213F65222E7DE9B600DC5D86 /* Release */,
			);
			defaultConfigurationIsVisible = 0;
			defaultConfigurationName = Release;
		};
		213F65232E7DE9B600DC5D86 /* Build configuration list for PBXNativeTarget "HobbyTracker" */ = {
			isa = XCConfigurationList;
			buildConfigurations = (
				213F65242E7DE9B600DC5D86 /* Debug */,
				213F65252E7DE9B600DC5D86 /* Release */,
			);
			defaultConfigurationIsVisible = 0;
			defaultConfigurationName = Release;
		};
		213F65262E7DE9B600DC5D86 /* Build configuration list for PBXNativeTarget "HobbyTrackerTests" */ = {
			isa = XCConfigurationList;
			buildConfigurations = (
				213F65272E7DE9B600DC5D86 /* Debug */,
				213F65282E7DE9B600DC5D86 /* Release */,
			);
			defaultConfigurationIsVisible = 0;
			defaultConfigurationName = Release;
		};
		213F65292E7DE9B600DC5D86 /* Build configuration list for PBXNativeTarget "HobbyTrackerUITests" */ = {
			isa = XCConfigurationList;
			buildConfigurations = (
				213F652A2E7DE9B600DC5D86 /* Debug */,
				213F652B2E7DE9B600DC5D86 /* Release */,
			);
			defaultConfigurationIsVisible = 0;
			defaultConfigurationName = Release;
		};
/* End XCConfigurationList section */
	};
	rootObject = 213F64F52E7DE9B600DC5D86 /* Project object */;
}
